// !$*UTF8*$!
{
	archiveVersion = 1;
	classes = {
	};
	objectVersion = 56;
	objects = {

/* Begin PBXBuildFile section */
		0C1FEC142A4E720700391946 /* AppDelegate.swift in Sources */ = {isa = PBXBuildFile; fileRef = 0C1FEC132A4E720700391946 /* AppDelegate.swift */; };
		0C1FEC162A4E720700391946 /* SceneDelegate.swift in Sources */ = {isa = PBXBuildFile; fileRef = 0C1FEC152A4E720700391946 /* SceneDelegate.swift */; };
		0C1FEC1B2A4E720700391946 /* Main.storyboard in Resources */ = {isa = PBXBuildFile; fileRef = 0C1FEC192A4E720700391946 /* Main.storyboard */; };
		0C1FEC1D2A4E720800391946 /* Assets.xcassets in Resources */ = {isa = PBXBuildFile; fileRef = 0C1FEC1C2A4E720800391946 /* Assets.xcassets */; };
		0C1FEC202A4E720800391946 /* LaunchScreen.storyboard in Resources */ = {isa = PBXBuildFile; fileRef = 0C1FEC1E2A4E720800391946 /* LaunchScreen.storyboard */; };
		0C1FEC2C2A4E976000391946 /* DeliveryCategoryViewModel.swift in Sources */ = {isa = PBXBuildFile; fileRef = 0C1FEC2B2A4E976000391946 /* DeliveryCategoryViewModel.swift */; };
		0C1FEC2E2A4E977500391946 /* DeliveryCategoryViewController.swift in Sources */ = {isa = PBXBuildFile; fileRef = 0C1FEC2D2A4E977500391946 /* DeliveryCategoryViewController.swift */; };
		0C1FEC322A4EA11200391946 /* ModelCategory.swift in Sources */ = {isa = PBXBuildFile; fileRef = 0C1FEC312A4EA11200391946 /* ModelCategory.swift */; };
		0C1FEC352A4EA1C600391946 /* DeliveryCategoryCollectionViewCell.swift in Sources */ = {isa = PBXBuildFile; fileRef = 0C1FEC342A4EA1C600391946 /* DeliveryCategoryCollectionViewCell.swift */; };
		0C1FEC372A4EA1EC00391946 /* DeliveryCategoryCollectionViewCellViewModel.swift in Sources */ = {isa = PBXBuildFile; fileRef = 0C1FEC362A4EA1EC00391946 /* DeliveryCategoryCollectionViewCellViewModel.swift */; };
		0C1FEC3A2A4EA23700391946 /* NetworkManager.swift in Sources */ = {isa = PBXBuildFile; fileRef = 0C1FEC392A4EA23700391946 /* NetworkManager.swift */; };
		0C291CFD2A5277DC004AFE97 /* ChoiceOfDishViewModel.swift in Sources */ = {isa = PBXBuildFile; fileRef = 0C291CFC2A5277DC004AFE97 /* ChoiceOfDishViewModel.swift */; };
		0C291CFF2A5277FB004AFE97 /* ChoiceOfDishViewController.swift in Sources */ = {isa = PBXBuildFile; fileRef = 0C291CFE2A5277FB004AFE97 /* ChoiceOfDishViewController.swift */; };
		0C291D012A5279C1004AFE97 /* ModelDish.swift in Sources */ = {isa = PBXBuildFile; fileRef = 0C291D002A5279C1004AFE97 /* ModelDish.swift */; };
		0C739F1F2A5050FB003AF529 /* ImageManager.swift in Sources */ = {isa = PBXBuildFile; fileRef = 0C739F1E2A5050FB003AF529 /* ImageManager.swift */; };
/* End PBXBuildFile section */

/* Begin PBXFileReference section */
		0C1FEC102A4E720700391946 /* Food order.app */ = {isa = PBXFileReference; explicitFileType = wrapper.application; includeInIndex = 0; path = "Food order.app"; sourceTree = BUILT_PRODUCTS_DIR; };
		0C1FEC132A4E720700391946 /* AppDelegate.swift */ = {isa = PBXFileReference; lastKnownFileType = sourcecode.swift; path = AppDelegate.swift; sourceTree = "<group>"; };
		0C1FEC152A4E720700391946 /* SceneDelegate.swift */ = {isa = PBXFileReference; lastKnownFileType = sourcecode.swift; path = SceneDelegate.swift; sourceTree = "<group>"; };
		0C1FEC1A2A4E720700391946 /* Base */ = {isa = PBXFileReference; lastKnownFileType = file.storyboard; name = Base; path = Base.lproj/Main.storyboard; sourceTree = "<group>"; };
		0C1FEC1C2A4E720800391946 /* Assets.xcassets */ = {isa = PBXFileReference; lastKnownFileType = folder.assetcatalog; path = Assets.xcassets; sourceTree = "<group>"; };
		0C1FEC1F2A4E720800391946 /* Base */ = {isa = PBXFileReference; lastKnownFileType = file.storyboard; name = Base; path = Base.lproj/LaunchScreen.storyboard; sourceTree = "<group>"; };
		0C1FEC212A4E720800391946 /* Info.plist */ = {isa = PBXFileReference; lastKnownFileType = text.plist.xml; path = Info.plist; sourceTree = "<group>"; };
		0C1FEC2B2A4E976000391946 /* DeliveryCategoryViewModel.swift */ = {isa = PBXFileReference; lastKnownFileType = sourcecode.swift; path = DeliveryCategoryViewModel.swift; sourceTree = "<group>"; };
		0C1FEC2D2A4E977500391946 /* DeliveryCategoryViewController.swift */ = {isa = PBXFileReference; lastKnownFileType = sourcecode.swift; path = DeliveryCategoryViewController.swift; sourceTree = "<group>"; };
		0C1FEC312A4EA11200391946 /* ModelCategory.swift */ = {isa = PBXFileReference; lastKnownFileType = sourcecode.swift; path = ModelCategory.swift; sourceTree = "<group>"; };
		0C1FEC342A4EA1C600391946 /* DeliveryCategoryCollectionViewCell.swift */ = {isa = PBXFileReference; lastKnownFileType = sourcecode.swift; path = DeliveryCategoryCollectionViewCell.swift; sourceTree = "<group>"; };
		0C1FEC362A4EA1EC00391946 /* DeliveryCategoryCollectionViewCellViewModel.swift */ = {isa = PBXFileReference; lastKnownFileType = sourcecode.swift; path = DeliveryCategoryCollectionViewCellViewModel.swift; sourceTree = "<group>"; };
		0C1FEC392A4EA23700391946 /* NetworkManager.swift */ = {isa = PBXFileReference; lastKnownFileType = sourcecode.swift; path = NetworkManager.swift; sourceTree = "<group>"; };
		0C291CFC2A5277DC004AFE97 /* ChoiceOfDishViewModel.swift */ = {isa = PBXFileReference; lastKnownFileType = sourcecode.swift; path = ChoiceOfDishViewModel.swift; sourceTree = "<group>"; };
		0C291CFE2A5277FB004AFE97 /* ChoiceOfDishViewController.swift */ = {isa = PBXFileReference; lastKnownFileType = sourcecode.swift; path = ChoiceOfDishViewController.swift; sourceTree = "<group>"; };
		0C291D002A5279C1004AFE97 /* ModelDish.swift */ = {isa = PBXFileReference; lastKnownFileType = sourcecode.swift; path = ModelDish.swift; sourceTree = "<group>"; };
		0C739F1E2A5050FB003AF529 /* ImageManager.swift */ = {isa = PBXFileReference; lastKnownFileType = sourcecode.swift; path = ImageManager.swift; sourceTree = "<group>"; };
/* End PBXFileReference section */

/* Begin PBXFrameworksBuildPhase section */
		0C1FEC0D2A4E720700391946 /* Frameworks */ = {
			isa = PBXFrameworksBuildPhase;
			buildActionMask = 2147483647;
			files = (
			);
			runOnlyForDeploymentPostprocessing = 0;
		};
/* End PBXFrameworksBuildPhase section */

/* Begin PBXGroup section */
		0C1FEC072A4E720700391946 = {
			isa = PBXGroup;
			children = (
				0C1FEC122A4E720700391946 /* Food order */,
				0C1FEC112A4E720700391946 /* Products */,
			);
			sourceTree = "<group>";
		};
		0C1FEC112A4E720700391946 /* Products */ = {
			isa = PBXGroup;
			children = (
				0C1FEC102A4E720700391946 /* Food order.app */,
			);
			name = Products;
			sourceTree = "<group>";
		};
		0C1FEC122A4E720700391946 /* Food order */ = {
			isa = PBXGroup;
			children = (
				0C1FEC132A4E720700391946 /* AppDelegate.swift */,
				0C1FEC152A4E720700391946 /* SceneDelegate.swift */,
				0C1FEC302A4EA0CF00391946 /* Models */,
				0C1FEC282A4E970F00391946 /* DeliveryCategory */,
				0C291CFB2A52778B004AFE97 /* ChoiceOfDish */,
				0C1FEC272A4E728300391946 /* Soryboard */,
				0C1FEC382A4EA21800391946 /* Services */,
				0C1FEC1C2A4E720800391946 /* Assets.xcassets */,
				0C1FEC212A4E720800391946 /* Info.plist */,
			);
			path = "Food order";
			sourceTree = "<group>";
		};
		0C1FEC272A4E728300391946 /* Soryboard */ = {
			isa = PBXGroup;
			children = (
				0C1FEC192A4E720700391946 /* Main.storyboard */,
				0C1FEC1E2A4E720800391946 /* LaunchScreen.storyboard */,
			);
			path = Soryboard;
			sourceTree = "<group>";
		};
		0C1FEC282A4E970F00391946 /* DeliveryCategory */ = {
			isa = PBXGroup;
			children = (
				0C1FEC2D2A4E977500391946 /* DeliveryCategoryViewController.swift */,
				0C1FEC2B2A4E976000391946 /* DeliveryCategoryViewModel.swift */,
				0C1FEC332A4EA19300391946 /* DeliveryCategoryCell */,
			);
			path = DeliveryCategory;
			sourceTree = "<group>";
		};
		0C1FEC302A4EA0CF00391946 /* Models */ = {
			isa = PBXGroup;
			children = (
				0C1FEC312A4EA11200391946 /* ModelCategory.swift */,
				0C291D002A5279C1004AFE97 /* ModelDish.swift */,
			);
			path = Models;
			sourceTree = "<group>";
		};
		0C1FEC332A4EA19300391946 /* DeliveryCategoryCell */ = {
			isa = PBXGroup;
			children = (
				0C1FEC342A4EA1C600391946 /* DeliveryCategoryCollectionViewCell.swift */,
				0C1FEC362A4EA1EC00391946 /* DeliveryCategoryCollectionViewCellViewModel.swift */,
			);
			path = DeliveryCategoryCell;
			sourceTree = "<group>";
		};
		0C1FEC382A4EA21800391946 /* Services */ = {
			isa = PBXGroup;
			children = (
				0C1FEC392A4EA23700391946 /* NetworkManager.swift */,
				0C739F1E2A5050FB003AF529 /* ImageManager.swift */,
			);
			path = Services;
			sourceTree = "<group>";
		};
		0C291CFB2A52778B004AFE97 /* ChoiceOfDish */ = {
			isa = PBXGroup;
			children = (
				0C291CFE2A5277FB004AFE97 /* ChoiceOfDishViewController.swift */,
				0C291CFC2A5277DC004AFE97 /* ChoiceOfDishViewModel.swift */,
			);
			path = ChoiceOfDish;
			sourceTree = "<group>";
		};
/* End PBXGroup section */

/* Begin PBXNativeTarget section */
		0C1FEC0F2A4E720700391946 /* Food order */ = {
			isa = PBXNativeTarget;
			buildConfigurationList = 0C1FEC242A4E720800391946 /* Build configuration list for PBXNativeTarget "Food order" */;
			buildPhases = (
				0C1FEC0C2A4E720700391946 /* Sources */,
				0C1FEC0D2A4E720700391946 /* Frameworks */,
				0C1FEC0E2A4E720700391946 /* Resources */,
			);
			buildRules = (
			);
			dependencies = (
			);
			name = "Food order";
			productName = "Food order";
			productReference = 0C1FEC102A4E720700391946 /* Food order.app */;
			productType = "com.apple.product-type.application";
		};
/* End PBXNativeTarget section */

/* Begin PBXProject section */
		0C1FEC082A4E720700391946 /* Project object */ = {
			isa = PBXProject;
			attributes = {
				BuildIndependentTargetsInParallel = 1;
				LastSwiftUpdateCheck = 1430;
				LastUpgradeCheck = 1430;
				TargetAttributes = {
					0C1FEC0F2A4E720700391946 = {
						CreatedOnToolsVersion = 14.3.1;
					};
				};
			};
			buildConfigurationList = 0C1FEC0B2A4E720700391946 /* Build configuration list for PBXProject "Food order" */;
			compatibilityVersion = "Xcode 14.0";
			developmentRegion = en;
			hasScannedForEncodings = 0;
			knownRegions = (
				en,
				Base,
			);
			mainGroup = 0C1FEC072A4E720700391946;
			productRefGroup = 0C1FEC112A4E720700391946 /* Products */;
			projectDirPath = "";
			projectRoot = "";
			targets = (
				0C1FEC0F2A4E720700391946 /* Food order */,
			);
		};
/* End PBXProject section */

/* Begin PBXResourcesBuildPhase section */
		0C1FEC0E2A4E720700391946 /* Resources */ = {
			isa = PBXResourcesBuildPhase;
			buildActionMask = 2147483647;
			files = (
				0C1FEC202A4E720800391946 /* LaunchScreen.storyboard in Resources */,
				0C1FEC1D2A4E720800391946 /* Assets.xcassets in Resources */,
				0C1FEC1B2A4E720700391946 /* Main.storyboard in Resources */,
			);
			runOnlyForDeploymentPostprocessing = 0;
		};
/* End PBXResourcesBuildPhase section */

/* Begin PBXSourcesBuildPhase section */
		0C1FEC0C2A4E720700391946 /* Sources */ = {
			isa = PBXSourcesBuildPhase;
			buildActionMask = 2147483647;
			files = (
				0C1FEC2C2A4E976000391946 /* DeliveryCategoryViewModel.swift in Sources */,
				0C1FEC142A4E720700391946 /* AppDelegate.swift in Sources */,
				0C1FEC162A4E720700391946 /* SceneDelegate.swift in Sources */,
				0C739F1F2A5050FB003AF529 /* ImageManager.swift in Sources */,
				0C291CFD2A5277DC004AFE97 /* ChoiceOfDishViewModel.swift in Sources */,
				0C1FEC2E2A4E977500391946 /* DeliveryCategoryViewController.swift in Sources */,
				0C1FEC3A2A4EA23700391946 /* NetworkManager.swift in Sources */,
				0C291D012A5279C1004AFE97 /* ModelDish.swift in Sources */,
				0C1FEC372A4EA1EC00391946 /* DeliveryCategoryCollectionViewCellViewModel.swift in Sources */,
				0C1FEC352A4EA1C600391946 /* DeliveryCategoryCollectionViewCell.swift in Sources */,
				0C1FEC322A4EA11200391946 /* ModelCategory.swift in Sources */,
				0C291CFF2A5277FB004AFE97 /* ChoiceOfDishViewController.swift in Sources */,
			);
			runOnlyForDeploymentPostprocessing = 0;
		};
/* End PBXSourcesBuildPhase section */

/* Begin PBXVariantGroup section */
		0C1FEC192A4E720700391946 /* Main.storyboard */ = {
			isa = PBXVariantGroup;
			children = (
				0C1FEC1A2A4E720700391946 /* Base */,
			);
			name = Main.storyboard;
			sourceTree = "<group>";
		};
		0C1FEC1E2A4E720800391946 /* LaunchScreen.storyboard */ = {
			isa = PBXVariantGroup;
			children = (
				0C1FEC1F2A4E720800391946 /* Base */,
			);
			name = LaunchScreen.storyboard;
			sourceTree = "<group>";
		};
/* End PBXVariantGroup section */

/* Begin XCBuildConfiguration section */
		0C1FEC222A4E720800391946 /* Debug */ = {
			isa = XCBuildConfiguration;
			buildSettings = {
				ALWAYS_SEARCH_USER_PATHS = NO;
				CLANG_ANALYZER_NONNULL = YES;
				CLANG_ANALYZER_NUMBER_OBJECT_CONVERSION = YES_AGGRESSIVE;
				CLANG_CXX_LANGUAGE_STANDARD = "gnu++20";
				CLANG_ENABLE_MODULES = YES;
				CLANG_ENABLE_OBJC_ARC = YES;
				CLANG_ENABLE_OBJC_WEAK = YES;
				CLANG_WARN_BLOCK_CAPTURE_AUTORELEASING = YES;
				CLANG_WARN_BOOL_CONVERSION = YES;
				CLANG_WARN_COMMA = YES;
				CLANG_WARN_CONSTANT_CONVERSION = YES;
				CLANG_WARN_DEPRECATED_OBJC_IMPLEMENTATIONS = YES;
				CLANG_WARN_DIRECT_OBJC_ISA_USAGE = YES_ERROR;
				CLANG_WARN_DOCUMENTATION_COMMENTS = YES;
				CLANG_WARN_EMPTY_BODY = YES;
				CLANG_WARN_ENUM_CONVERSION = YES;
				CLANG_WARN_INFINITE_RECURSION = YES;
				CLANG_WARN_INT_CONVERSION = YES;
				CLANG_WARN_NON_LITERAL_NULL_CONVERSION = YES;
				CLANG_WARN_OBJC_IMPLICIT_RETAIN_SELF = YES;
				CLANG_WARN_OBJC_LITERAL_CONVERSION = YES;
				CLANG_WARN_OBJC_ROOT_CLASS = YES_ERROR;
				CLANG_WARN_QUOTED_INCLUDE_IN_FRAMEWORK_HEADER = YES;
				CLANG_WARN_RANGE_LOOP_ANALYSIS = YES;
				CLANG_WARN_STRICT_PROTOTYPES = YES;
				CLANG_WARN_SUSPICIOUS_MOVE = YES;
				CLANG_WARN_UNGUARDED_AVAILABILITY = YES_AGGRESSIVE;
				CLANG_WARN_UNREACHABLE_CODE = YES;
				CLANG_WARN__DUPLICATE_METHOD_MATCH = YES;
				COPY_PHASE_STRIP = NO;
				DEBUG_INFORMATION_FORMAT = dwarf;
				ENABLE_STRICT_OBJC_MSGSEND = YES;
				ENABLE_TESTABILITY = YES;
				GCC_C_LANGUAGE_STANDARD = gnu11;
				GCC_DYNAMIC_NO_PIC = NO;
				GCC_NO_COMMON_BLOCKS = YES;
				GCC_OPTIMIZATION_LEVEL = 0;
				GCC_PREPROCESSOR_DEFINITIONS = (
					"DEBUG=1",
					"$(inherited)",
				);
				GCC_WARN_64_TO_32_BIT_CONVERSION = YES;
				GCC_WARN_ABOUT_RETURN_TYPE = YES_ERROR;
				GCC_WARN_UNDECLARED_SELECTOR = YES;
				GCC_WARN_UNINITIALIZED_AUTOS = YES_AGGRESSIVE;
				GCC_WARN_UNUSED_FUNCTION = YES;
				GCC_WARN_UNUSED_VARIABLE = YES;
				IPHONEOS_DEPLOYMENT_TARGET = 16.4;
				MTL_ENABLE_DEBUG_INFO = INCLUDE_SOURCE;
				MTL_FAST_MATH = YES;
				ONLY_ACTIVE_ARCH = YES;
				SDKROOT = iphoneos;
				SWIFT_ACTIVE_COMPILATION_CONDITIONS = DEBUG;
				SWIFT_OPTIMIZATION_LEVEL = "-Onone";
			};
			name = Debug;
		};
		0C1FEC232A4E720800391946 /* Release */ = {
			isa = XCBuildConfiguration;
			buildSettings = {
				ALWAYS_SEARCH_USER_PATHS = NO;
				CLANG_ANALYZER_NONNULL = YES;
				CLANG_ANALYZER_NUMBER_OBJECT_CONVERSION = YES_AGGRESSIVE;
				CLANG_CXX_LANGUAGE_STANDARD = "gnu++20";
				CLANG_ENABLE_MODULES = YES;
				CLANG_ENABLE_OBJC_ARC = YES;
				CLANG_ENABLE_OBJC_WEAK = YES;
				CLANG_WARN_BLOCK_CAPTURE_AUTORELEASING = YES;
				CLANG_WARN_BOOL_CONVERSION = YES;
				CLANG_WARN_COMMA = YES;
				CLANG_WARN_CONSTANT_CONVERSION = YES;
				CLANG_WARN_DEPRECATED_OBJC_IMPLEMENTATIONS = YES;
				CLANG_WARN_DIRECT_OBJC_ISA_USAGE = YES_ERROR;
				CLANG_WARN_DOCUMENTATION_COMMENTS = YES;
				CLANG_WARN_EMPTY_BODY = YES;
				CLANG_WARN_ENUM_CONVERSION = YES;
				CLANG_WARN_INFINITE_RECURSION = YES;
				CLANG_WARN_INT_CONVERSION = YES;
				CLANG_WARN_NON_LITERAL_NULL_CONVERSION = YES;
				CLANG_WARN_OBJC_IMPLICIT_RETAIN_SELF = YES;
				CLANG_WARN_OBJC_LITERAL_CONVERSION = YES;
				CLANG_WARN_OBJC_ROOT_CLASS = YES_ERROR;
				CLANG_WARN_QUOTED_INCLUDE_IN_FRAMEWORK_HEADER = YES;
				CLANG_WARN_RANGE_LOOP_ANALYSIS = YES;
				CLANG_WARN_STRICT_PROTOTYPES = YES;
				CLANG_WARN_SUSPICIOUS_MOVE = YES;
				CLANG_WARN_UNGUARDED_AVAILABILITY = YES_AGGRESSIVE;
				CLANG_WARN_UNREACHABLE_CODE = YES;
				CLANG_WARN__DUPLICATE_METHOD_MATCH = YES;
				COPY_PHASE_STRIP = NO;
				DEBUG_INFORMATION_FORMAT = "dwarf-with-dsym";
				ENABLE_NS_ASSERTIONS = NO;
				ENABLE_STRICT_OBJC_MSGSEND = YES;
				GCC_C_LANGUAGE_STANDARD = gnu11;
				GCC_NO_COMMON_BLOCKS = YES;
				GCC_WARN_64_TO_32_BIT_CONVERSION = YES;
				GCC_WARN_ABOUT_RETURN_TYPE = YES_ERROR;
				GCC_WARN_UNDECLARED_SELECTOR = YES;
				GCC_WARN_UNINITIALIZED_AUTOS = YES_AGGRESSIVE;
				GCC_WARN_UNUSED_FUNCTION = YES;
				GCC_WARN_UNUSED_VARIABLE = YES;
				IPHONEOS_DEPLOYMENT_TARGET = 16.4;
				MTL_ENABLE_DEBUG_INFO = NO;
				MTL_FAST_MATH = YES;
				SDKROOT = iphoneos;
				SWIFT_COMPILATION_MODE = wholemodule;
				SWIFT_OPTIMIZATION_LEVEL = "-O";
				VALIDATE_PRODUCT = YES;
			};
			name = Release;
		};
		0C1FEC252A4E720800391946 /* Debug */ = {
			isa = XCBuildConfiguration;
			buildSettings = {
				ASSETCATALOG_COMPILER_APPICON_NAME = AppIcon;
				ASSETCATALOG_COMPILER_GLOBAL_ACCENT_COLOR_NAME = AccentColor;
				CODE_SIGN_STYLE = Automatic;
				CURRENT_PROJECT_VERSION = 1;
				DEVELOPMENT_TEAM = 8YUV48A6RV;
				GENERATE_INFOPLIST_FILE = YES;
				INFOPLIST_FILE = "Food order/Info.plist";
				INFOPLIST_KEY_UIApplicationSupportsIndirectInputEvents = YES;
				INFOPLIST_KEY_UILaunchStoryboardName = LaunchScreen;
				INFOPLIST_KEY_UIMainStoryboardFile = Main;
				INFOPLIST_KEY_UISupportedInterfaceOrientations = UIInterfaceOrientationPortrait;
				INFOPLIST_KEY_UISupportedInterfaceOrientations_iPad = "UIInterfaceOrientationLandscapeLeft UIInterfaceOrientationLandscapeRight UIInterfaceOrientationPortrait UIInterfaceOrientationPortraitUpsideDown";
				IPHONEOS_DEPLOYMENT_TARGET = 16.0;
				LD_RUNPATH_SEARCH_PATHS = (
					"$(inherited)",
					"@executable_path/Frameworks",
				);
				MARKETING_VERSION = 1.0;
				PRODUCT_BUNDLE_IDENTIFIER = "ru.Food-order";
				PRODUCT_NAME = "$(TARGET_NAME)";
				SUPPORTED_PLATFORMS = "iphoneos iphonesimulator";
				SUPPORTS_MACCATALYST = NO;
				SUPPORTS_MAC_DESIGNED_FOR_IPHONE_IPAD = NO;
				SWIFT_EMIT_LOC_STRINGS = YES;
				SWIFT_VERSION = 5.0;
				TARGETED_DEVICE_FAMILY = 1;
			};
			name = Debug;
		};
		0C1FEC262A4E720800391946 /* Release */ = {
			isa = XCBuildConfiguration;
			buildSettings = {
				ASSETCATALOG_COMPILER_APPICON_NAME = AppIcon;
				ASSETCATALOG_COMPILER_GLOBAL_ACCENT_COLOR_NAME = AccentColor;
				CODE_SIGN_STYLE = Automatic;
				CURRENT_PROJECT_VERSION = 1;
				DEVELOPMENT_TEAM = 8YUV48A6RV;
				GENERATE_INFOPLIST_FILE = YES;
				INFOPLIST_FILE = "Food order/Info.plist";
				INFOPLIST_KEY_UIApplicationSupportsIndirectInputEvents = YES;
				INFOPLIST_KEY_UILaunchStoryboardName = LaunchScreen;
				INFOPLIST_KEY_UIMainStoryboardFile = Main;
				INFOPLIST_KEY_UISupportedInterfaceOrientations = UIInterfaceOrientationPortrait;
				INFOPLIST_KEY_UISupportedInterfaceOrientations_iPad = "UIInterfaceOrientationLandscapeLeft UIInterfaceOrientationLandscapeRight UIInterfaceOrientationPortrait UIInterfaceOrientationPortraitUpsideDown";
				IPHONEOS_DEPLOYMENT_TARGET = 16.0;
				LD_RUNPATH_SEARCH_PATHS = (
					"$(inherited)",
					"@executable_path/Frameworks",
				);
				MARKETING_VERSION = 1.0;
				PRODUCT_BUNDLE_IDENTIFIER = "ru.Food-order";
				PRODUCT_NAME = "$(TARGET_NAME)";
				SUPPORTED_PLATFORMS = "iphoneos iphonesimulator";
				SUPPORTS_MACCATALYST = NO;
				SUPPORTS_MAC_DESIGNED_FOR_IPHONE_IPAD = NO;
				SWIFT_EMIT_LOC_STRINGS = YES;
				SWIFT_VERSION = 5.0;
				TARGETED_DEVICE_FAMILY = 1;
			};
			name = Release;
		};
/* End XCBuildConfiguration section */

/* Begin XCConfigurationList section */
		0C1FEC0B2A4E720700391946 /* Build configuration list for PBXProject "Food order" */ = {
			isa = XCConfigurationList;
			buildConfigurations = (
				0C1FEC222A4E720800391946 /* Debug */,
				0C1FEC232A4E720800391946 /* Release */,
			);
			defaultConfigurationIsVisible = 0;
			defaultConfigurationName = Release;
		};
		0C1FEC242A4E720800391946 /* Build configuration list for PBXNativeTarget "Food order" */ = {
			isa = XCConfigurationList;
			buildConfigurations = (
				0C1FEC252A4E720800391946 /* Debug */,
				0C1FEC262A4E720800391946 /* Release */,
			);
			defaultConfigurationIsVisible = 0;
			defaultConfigurationName = Release;
		};
/* End XCConfigurationList section */
	};
	rootObject = 0C1FEC082A4E720700391946 /* Project object */;
}
